
Microsoft Visual Studio Solution File, Format Version 12.00
# Visual Studio Version 17
VisualStudioVersion = 17.11.35327.3
MinimumVisualStudioVersion = 10.0.40219.1
Project("{FAE04EC0-301F-11D3-BF4B-00C04F79EFBC}") = "Lab_2", "Lab_2\Lab_2.csproj", "{C0A4E0CB-8599-41FB-8486-1DF9CF6CBA73}"
EndProject
Global
	GlobalSection(SolutionConfigurationPlatforms) = preSolution
		Debug|Any CPU = Debug|Any CPU
		Release|Any CPU = Release|Any CPU
	EndGlobalSection
	GlobalSection(ProjectConfigurationPlatforms) = postSolution
		{C0A4E0CB-8599-41FB-8486-1DF9CF6CBA73}.Debug|Any CPU.ActiveCfg = Debug|Any CPU
		{C0A4E0CB-8599-41FB-8486-1DF9CF6CBA73}.Debug|Any CPU.Build.0 = Debug|Any CPU
		{C0A4E0CB-8599-41FB-8486-1DF9CF6CBA73}.Release|Any CPU.ActiveCfg = Release|Any CPU
		{C0A4E0CB-8599-41FB-8486-1DF9CF6CBA73}.Release|Any CPU.Build.0 = Release|Any CPU
	EndGlobalSection
	GlobalSection(SolutionProperties) = preSolution
		HideSolutionNode = FALSE
	EndGlobalSection
	GlobalSection(ExtensibilityGlobals) = postSolution
		SolutionGuid = {5D7D1522-750A-4124-952A-743FC9BE9B56}
	EndGlobalSection
EndGlobal
