
Microsoft Visual Studio Solution File, Format Version 12.00
# Visual Studio Version 17
VisualStudioVersion = 17.11.35327.3
MinimumVisualStudioVersion = 10.0.40219.1
Project("{FAE04EC0-301F-11D3-BF4B-00C04F79EFBC}") = "Lab_1", "Lab_1\Lab_1.csproj", "{C51130B9-4079-4B72-94ED-F6F7B6C420F6}"
EndProject
Global
	GlobalSection(SolutionConfigurationPlatforms) = preSolution
		Debug|Any CPU = Debug|Any CPU
		Release|Any CPU = Release|Any CPU
	EndGlobalSection
	GlobalSection(ProjectConfigurationPlatforms) = postSolution
		{C51130B9-4079-4B72-94ED-F6F7B6C420F6}.Debug|Any CPU.ActiveCfg = Debug|Any CPU
		{C51130B9-4079-4B72-94ED-F6F7B6C420F6}.Debug|Any CPU.Build.0 = Debug|Any CPU
		{C51130B9-4079-4B72-94ED-F6F7B6C420F6}.Release|Any CPU.ActiveCfg = Release|Any CPU
		{C51130B9-4079-4B72-94ED-F6F7B6C420F6}.Release|Any CPU.Build.0 = Release|Any CPU
	EndGlobalSection
	GlobalSection(SolutionProperties) = preSolution
		HideSolutionNode = FALSE
	EndGlobalSection
	GlobalSection(ExtensibilityGlobals) = postSolution
		SolutionGuid = {10AF1B79-5DD3-4D84-8C42-49D493F39B9D}
	EndGlobalSection
EndGlobal
